
Microsoft Visual Studio Solution File, Format Version 12.00
# Visual Studio Version 17
VisualStudioVersion = 17.5.002.0
MinimumVisualStudioVersion = 10.0.40219.1
Project("{9A19103F-16F7-4668-BE54-9A1E7A4F7556}") = "NewApp", "NewApp\NewApp.csproj", "{A53927C3-EE84-4F50-A928-45044AD24EB6}"
EndProject
Global
	GlobalSection(SolutionConfigurationPlatforms) = preSolution
		Debug|Any CPU = Debug|Any CPU
		Release|Any CPU = Release|Any CPU
	EndGlobalSection
	GlobalSection(ProjectConfigurationPlatforms) = postSolution
		{A53927C3-EE84-4F50-A928-45044AD24EB6}.Debug|Any CPU.ActiveCfg = Debug|Any CPU
		{A53927C3-EE84-4F50-A928-45044AD24EB6}.Debug|Any CPU.Build.0 = Debug|Any CPU
		{A53927C3-EE84-4F50-A928-45044AD24EB6}.Release|Any CPU.ActiveCfg = Release|Any CPU
		{A53927C3-EE84-4F50-A928-45044AD24EB6}.Release|Any CPU.Build.0 = Release|Any CPU
	EndGlobalSection
	GlobalSection(SolutionProperties) = preSolution
		HideSolutionNode = FALSE
	EndGlobalSection
	GlobalSection(ExtensibilityGlobals) = postSolution
		SolutionGuid = {12C44B97-D15D-447E-A867-AA5150FF1838}
	EndGlobalSection
EndGlobal
